
Microsoft Visual Studio Solution File, Format Version 12.00
# Visual Studio Version 16
VisualStudioVersion = 16.0.30717.126
MinimumVisualStudioVersion = 10.0.40219.1
Project("{FAE04EC0-301F-11D3-BF4B-00C04F79EFBC}") = "ToDoApi", "ToDoApi\ToDoApi.csproj", "{FF293A42-32FB-4B2E-A69C-1A5FC523738F}"
EndProject
Global
	GlobalSection(SolutionConfigurationPlatforms) = preSolution
		Debug|Any CPU = Debug|Any CPU
		Release|Any CPU = Release|Any CPU
	EndGlobalSection
	GlobalSection(ProjectConfigurationPlatforms) = postSolution
		{FF293A42-32FB-4B2E-A69C-1A5FC523738F}.Debug|Any CPU.ActiveCfg = Debug|Any CPU
		{FF293A42-32FB-4B2E-A69C-1A5FC523738F}.Debug|Any CPU.Build.0 = Debug|Any CPU
		{FF293A42-32FB-4B2E-A69C-1A5FC523738F}.Release|Any CPU.ActiveCfg = Release|Any CPU
		{FF293A42-32FB-4B2E-A69C-1A5FC523738F}.Release|Any CPU.Build.0 = Release|Any CPU
	EndGlobalSection
	GlobalSection(SolutionProperties) = preSolution
		HideSolutionNode = FALSE
	EndGlobalSection
	GlobalSection(ExtensibilityGlobals) = postSolution
		SolutionGuid = {778FB6EB-7BA4-407C-B14B-598FCA4D195C}
	EndGlobalSection
EndGlobal
